
Microsoft Visual Studio Solution File, Format Version 12.00
# Visual Studio Version 17
VisualStudioVersion = 17.10.35122.118
MinimumVisualStudioVersion = 10.0.40219.1
Project("{2150E333-8FDC-42A3-9474-1A3956D46DE8}") = "src", "src", "{68322B3D-A767-4658-B105-26A7A80D9C92}"
EndProject
Project("{9A19103F-16F7-4668-BE54-9A1E7A4F7556}") = "FBS.API", "FBS.API\FBS.API.csproj", "{7D7052EE-D0C6-41D9-9933-6F114BF7DCF5}"
EndProject
Project("{9A19103F-16F7-4668-BE54-9A1E7A4F7556}") = "FBS.BusinessLogics", "FBS.BusinessLogics\FBS.BusinessLogics.csproj", "{4E819450-209A-4E8C-9727-3004F813DE49}"
EndProject
Project("{9A19103F-16F7-4668-BE54-9A1E7A4F7556}") = "FBS.Repositories", "FBS.DataAccess\FBS.Repositories.csproj", "{218EE56F-AC54-4CEA-A023-7B314120A9E3}"
EndProject
Project("{9A19103F-16F7-4668-BE54-9A1E7A4F7556}") = "FBS.BusinessObjects", "FBS.BusinessObjects\FBS.BusinessObjects.csproj", "{E73C3821-974A-4A76-9D69-37EB15C1F1C4}"
EndProject
Project("{E53339B2-1760-4266-BCC7-CA923CBCF16C}") = "docker-compose", "docker-compose.dcproj", "{2C465FB2-CBB3-4C4A-BCBC-2308CF4860B5}"
EndProject
Global
	GlobalSection(SolutionConfigurationPlatforms) = preSolution
		Debug|Any CPU = Debug|Any CPU
		Release|Any CPU = Release|Any CPU
	EndGlobalSection
	GlobalSection(ProjectConfigurationPlatforms) = postSolution
		{7D7052EE-D0C6-41D9-9933-6F114BF7DCF5}.Debug|Any CPU.ActiveCfg = Debug|Any CPU
		{7D7052EE-D0C6-41D9-9933-6F114BF7DCF5}.Debug|Any CPU.Build.0 = Debug|Any CPU
		{7D7052EE-D0C6-41D9-9933-6F114BF7DCF5}.Release|Any CPU.ActiveCfg = Release|Any CPU
		{7D7052EE-D0C6-41D9-9933-6F114BF7DCF5}.Release|Any CPU.Build.0 = Release|Any CPU
		{4E819450-209A-4E8C-9727-3004F813DE49}.Debug|Any CPU.ActiveCfg = Debug|Any CPU
		{4E819450-209A-4E8C-9727-3004F813DE49}.Debug|Any CPU.Build.0 = Debug|Any CPU
		{4E819450-209A-4E8C-9727-3004F813DE49}.Release|Any CPU.ActiveCfg = Release|Any CPU
		{4E819450-209A-4E8C-9727-3004F813DE49}.Release|Any CPU.Build.0 = Release|Any CPU
		{218EE56F-AC54-4CEA-A023-7B314120A9E3}.Debug|Any CPU.ActiveCfg = Debug|Any CPU
		{218EE56F-AC54-4CEA-A023-7B314120A9E3}.Debug|Any CPU.Build.0 = Debug|Any CPU
		{218EE56F-AC54-4CEA-A023-7B314120A9E3}.Release|Any CPU.ActiveCfg = Release|Any CPU
		{218EE56F-AC54-4CEA-A023-7B314120A9E3}.Release|Any CPU.Build.0 = Release|Any CPU
		{E73C3821-974A-4A76-9D69-37EB15C1F1C4}.Debug|Any CPU.ActiveCfg = Debug|Any CPU
		{E73C3821-974A-4A76-9D69-37EB15C1F1C4}.Debug|Any CPU.Build.0 = Debug|Any CPU
		{E73C3821-974A-4A76-9D69-37EB15C1F1C4}.Release|Any CPU.ActiveCfg = Release|Any CPU
		{E73C3821-974A-4A76-9D69-37EB15C1F1C4}.Release|Any CPU.Build.0 = Release|Any CPU
		{2C465FB2-CBB3-4C4A-BCBC-2308CF4860B5}.Debug|Any CPU.ActiveCfg = Debug|Any CPU
		{2C465FB2-CBB3-4C4A-BCBC-2308CF4860B5}.Debug|Any CPU.Build.0 = Debug|Any CPU
		{2C465FB2-CBB3-4C4A-BCBC-2308CF4860B5}.Release|Any CPU.ActiveCfg = Release|Any CPU
		{2C465FB2-CBB3-4C4A-BCBC-2308CF4860B5}.Release|Any CPU.Build.0 = Release|Any CPU
	EndGlobalSection
	GlobalSection(SolutionProperties) = preSolution
		HideSolutionNode = FALSE
	EndGlobalSection
	GlobalSection(NestedProjects) = preSolution
		{7D7052EE-D0C6-41D9-9933-6F114BF7DCF5} = {68322B3D-A767-4658-B105-26A7A80D9C92}
		{4E819450-209A-4E8C-9727-3004F813DE49} = {68322B3D-A767-4658-B105-26A7A80D9C92}
		{218EE56F-AC54-4CEA-A023-7B314120A9E3} = {68322B3D-A767-4658-B105-26A7A80D9C92}
		{E73C3821-974A-4A76-9D69-37EB15C1F1C4} = {68322B3D-A767-4658-B105-26A7A80D9C92}
	EndGlobalSection
	GlobalSection(ExtensibilityGlobals) = postSolution
		SolutionGuid = {1A080A19-B650-42C4-BC17-680F47E64E9B}
	EndGlobalSection
EndGlobal
